{
    "name": "rufflib-obscure",
    "version": "0.0.1",
    "lockfileVersion": 2,
    "requires": true,
    "packages": {
        "": {
            "name": "rufflib-obscure",
            "version": "0.0.1",
            "license": "MIT",
            "devDependencies": {
                "rufflib-expect": "^3.0.0",
                "rufflib-validate": "^2.0.0"
            }
        },
        "node_modules/rufflib-expect": {
            "version": "3.0.4",
            "resolved": "https://registry.npmjs.org/rufflib-expect/-/rufflib-expect-3.0.4.tgz",
            "integrity": "sha512-kbQ6cTwcu4E+pvVBwKuxx9PB55zso/JujT2o5lDHg7ToJBWs3fnY6TBaNnov88SJc02L1XlGTX8+4HCGwJH8mg==",
            "dev": true
        },
        "node_modules/rufflib-validate": {
            "version": "2.0.4",
            "resolved": "https://registry.npmjs.org/rufflib-validate/-/rufflib-validate-2.0.4.tgz",
            "integrity": "sha512-sYp/Vvc7zC3A3OBo/xyCS26Y2YjVWRn8aW2cyzRdDk52MzvqNbpucv4MXoh1hn2+mN4hjzC39vTpeMJm9wWE0g==",
            "dev": true
        }
    },
    "dependencies": {
        "rufflib-expect": {
            "version": "3.0.4",
            "resolved": "https://registry.npmjs.org/rufflib-expect/-/rufflib-expect-3.0.4.tgz",
            "integrity": "sha512-kbQ6cTwcu4E+pvVBwKuxx9PB55zso/JujT2o5lDHg7ToJBWs3fnY6TBaNnov88SJc02L1XlGTX8+4HCGwJH8mg==",
            "dev": true
        },
        "rufflib-validate": {
            "version": "2.0.4",
            "resolved": "https://registry.npmjs.org/rufflib-validate/-/rufflib-validate-2.0.4.tgz",
            "integrity": "sha512-sYp/Vvc7zC3A3OBo/xyCS26Y2YjVWRn8aW2cyzRdDk52MzvqNbpucv4MXoh1hn2+mN4hjzC39vTpeMJm9wWE0g==",
            "dev": true
        }
    }
}
